// !$*UTF8*$!
{
	archiveVersion = 1;
	classes = {
	};
	objectVersion = 50;
	objects = {

/* Begin PBXBuildFile section */
		0B1C5CE22439A6E100DEF864 /* MemeModel.swift in Sources */ = {isa = PBXBuildFile; fileRef = 0B1C5CE12439A6E100DEF864 /* MemeModel.swift */; };
		0B93006F243204E500DA0E5F /* AppDelegate.swift in Sources */ = {isa = PBXBuildFile; fileRef = 0B93006E243204E500DA0E5F /* AppDelegate.swift */; };
		0B930071243204E500DA0E5F /* SceneDelegate.swift in Sources */ = {isa = PBXBuildFile; fileRef = 0B930070243204E500DA0E5F /* SceneDelegate.swift */; };
		0B930073243204E500DA0E5F /* MemeViewController.swift in Sources */ = {isa = PBXBuildFile; fileRef = 0B930072243204E500DA0E5F /* MemeViewController.swift */; };
		0B930076243204E500DA0E5F /* Main.storyboard in Resources */ = {isa = PBXBuildFile; fileRef = 0B930074243204E500DA0E5F /* Main.storyboard */; };
		0B930078243204E700DA0E5F /* Assets.xcassets in Resources */ = {isa = PBXBuildFile; fileRef = 0B930077243204E700DA0E5F /* Assets.xcassets */; };
		0B93007B243204E700DA0E5F /* LaunchScreen.storyboard in Resources */ = {isa = PBXBuildFile; fileRef = 0B930079243204E700DA0E5F /* LaunchScreen.storyboard */; };
		0BD668E42434672B00669919 /* TopandBottomText.swift in Sources */ = {isa = PBXBuildFile; fileRef = 0BD668E32434672B00669919 /* TopandBottomText.swift */; };
/* End PBXBuildFile section */

/* Begin PBXFileReference section */
		0B1C5CE12439A6E100DEF864 /* MemeModel.swift */ = {isa = PBXFileReference; lastKnownFileType = sourcecode.swift; path = MemeModel.swift; sourceTree = "<group>"; };
		0B93006B243204E500DA0E5F /* memeKishore.app */ = {isa = PBXFileReference; explicitFileType = wrapper.application; includeInIndex = 0; path = memeKishore.app; sourceTree = BUILT_PRODUCTS_DIR; };
		0B93006E243204E500DA0E5F /* AppDelegate.swift */ = {isa = PBXFileReference; lastKnownFileType = sourcecode.swift; path = AppDelegate.swift; sourceTree = "<group>"; };
		0B930070243204E500DA0E5F /* SceneDelegate.swift */ = {isa = PBXFileReference; lastKnownFileType = sourcecode.swift; path = SceneDelegate.swift; sourceTree = "<group>"; };
		0B930072243204E500DA0E5F /* MemeViewController.swift */ = {isa = PBXFileReference; lastKnownFileType = sourcecode.swift; path = MemeViewController.swift; sourceTree = "<group>"; };
		0B930075243204E500DA0E5F /* Base */ = {isa = PBXFileReference; lastKnownFileType = file.storyboard; name = Base; path = Base.lproj/Main.storyboard; sourceTree = "<group>"; };
		0B930077243204E700DA0E5F /* Assets.xcassets */ = {isa = PBXFileReference; lastKnownFileType = folder.assetcatalog; path = Assets.xcassets; sourceTree = "<group>"; };
		0B93007A243204E700DA0E5F /* Base */ = {isa = PBXFileReference; lastKnownFileType = file.storyboard; name = Base; path = Base.lproj/LaunchScreen.storyboard; sourceTree = "<group>"; };
		0B93007C243204E700DA0E5F /* Info.plist */ = {isa = PBXFileReference; lastKnownFileType = text.plist.xml; path = Info.plist; sourceTree = "<group>"; };
		0BD668E32434672B00669919 /* TopandBottomText.swift */ = {isa = PBXFileReference; lastKnownFileType = sourcecode.swift; path = TopandBottomText.swift; sourceTree = "<group>"; };
/* End PBXFileReference section */

/* Begin PBXFrameworksBuildPhase section */
		0B930068243204E500DA0E5F /* Frameworks */ = {
			isa = PBXFrameworksBuildPhase;
			buildActionMask = 2147483647;
			files = (
			);
			runOnlyForDeploymentPostprocessing = 0;
		};
/* End PBXFrameworksBuildPhase section */

/* Begin PBXGroup section */
		0B930062243204E500DA0E5F = {
			isa = PBXGroup;
			children = (
				0B93006D243204E500DA0E5F /* memeKishore */,
				0B93006C243204E500DA0E5F /* Products */,
			);
			sourceTree = "<group>";
		};
		0B93006C243204E500DA0E5F /* Products */ = {
			isa = PBXGroup;
			children = (
				0B93006B243204E500DA0E5F /* memeKishore.app */,
			);
			name = Products;
			sourceTree = "<group>";
		};
		0B93006D243204E500DA0E5F /* memeKishore */ = {
			isa = PBXGroup;
			children = (
				0BD668E22434670000669919 /* Delegates */,
				0B93006E243204E500DA0E5F /* AppDelegate.swift */,
				0B930070243204E500DA0E5F /* SceneDelegate.swift */,
				0B930072243204E500DA0E5F /* MemeViewController.swift */,
				0B930074243204E500DA0E5F /* Main.storyboard */,
				0B930077243204E700DA0E5F /* Assets.xcassets */,
				0B930079243204E700DA0E5F /* LaunchScreen.storyboard */,
				0B93007C243204E700DA0E5F /* Info.plist */,
				0B1C5CE12439A6E100DEF864 /* MemeModel.swift */,
			);
			path = memeKishore;
			sourceTree = "<group>";
		};
		0BD668E22434670000669919 /* Delegates */ = {
			isa = PBXGroup;
			children = (
				0BD668E32434672B00669919 /* TopandBottomText.swift */,
			);
			path = Delegates;
			sourceTree = "<group>";
		};
/* End PBXGroup section */

/* Begin PBXNativeTarget section */
		0B93006A243204E500DA0E5F /* memeKishore */ = {
			isa = PBXNativeTarget;
			buildConfigurationList = 0B93007F243204E700DA0E5F /* Build configuration list for PBXNativeTarget "memeKishore" */;
			buildPhases = (
				0B930067243204E500DA0E5F /* Sources */,
				0B930068243204E500DA0E5F /* Frameworks */,
				0B930069243204E500DA0E5F /* Resources */,
			);
			buildRules = (
			);
			dependencies = (
			);
			name = memeKishore;
			productName = memeKishore;
			productReference = 0B93006B243204E500DA0E5F /* memeKishore.app */;
			productType = "com.apple.product-type.application";
		};
/* End PBXNativeTarget section */

/* Begin PBXProject section */
		0B930063243204E500DA0E5F /* Project object */ = {
			isa = PBXProject;
			attributes = {
				LastSwiftUpdateCheck = 1130;
				LastUpgradeCheck = 1130;
				ORGANIZATIONNAME = "Kishore Krishna M";
				TargetAttributes = {
					0B93006A243204E500DA0E5F = {
						CreatedOnToolsVersion = 11.3.1;
					};
				};
			};
			buildConfigurationList = 0B930066243204E500DA0E5F /* Build configuration list for PBXProject "memeKishore" */;
			compatibilityVersion = "Xcode 9.3";
			developmentRegion = en;
			hasScannedForEncodings = 0;
			knownRegions = (
				en,
				Base,
			);
			mainGroup = 0B930062243204E500DA0E5F;
			productRefGroup = 0B93006C243204E500DA0E5F /* Products */;
			projectDirPath = "";
			projectRoot = "";
			targets = (
				0B93006A243204E500DA0E5F /* memeKishore */,
			);
		};
/* End PBXProject section */

/* Begin PBXResourcesBuildPhase section */
		0B930069243204E500DA0E5F /* Resources */ = {
			isa = PBXResourcesBuildPhase;
			buildActionMask = 2147483647;
			files = (
				0B93007B243204E700DA0E5F /* LaunchScreen.storyboard in Resources */,
				0B930078243204E700DA0E5F /* Assets.xcassets in Resources */,
				0B930076243204E500DA0E5F /* Main.storyboard in Resources */,
			);
			runOnlyForDeploymentPostprocessing = 0;
		};
/* End PBXResourcesBuildPhase section */

/* Begin PBXSourcesBuildPhase section */
		0B930067243204E500DA0E5F /* Sources */ = {
			isa = PBXSourcesBuildPhase;
			buildActionMask = 2147483647;
			files = (
				0B930073243204E500DA0E5F /* MemeViewController.swift in Sources */,
				0BD668E42434672B00669919 /* TopandBottomText.swift in Sources */,
				0B93006F243204E500DA0E5F /* AppDelegate.swift in Sources */,
				0B930071243204E500DA0E5F /* SceneDelegate.swift in Sources */,
				0B1C5CE22439A6E100DEF864 /* MemeModel.swift in Sources */,
			);
			runOnlyForDeploymentPostprocessing = 0;
		};
/* End PBXSourcesBuildPhase section */

/* Begin PBXVariantGroup section */
		0B930074243204E500DA0E5F /* Main.storyboard */ = {
			isa = PBXVariantGroup;
			children = (
				0B930075243204E500DA0E5F /* Base */,
			);
			name = Main.storyboard;
			sourceTree = "<group>";
		};
		0B930079243204E700DA0E5F /* LaunchScreen.storyboard */ = {
			isa = PBXVariantGroup;
			children = (
				0B93007A243204E700DA0E5F /* Base */,
			);
			name = LaunchScreen.storyboard;
			sourceTree = "<group>";
		};
/* End PBXVariantGroup section */

/* Begin XCBuildConfiguration section */
		0B93007D243204E700DA0E5F /* Debug */ = {
			isa = XCBuildConfiguration;
			buildSettings = {
				ALWAYS_SEARCH_USER_PATHS = NO;
				CLANG_ANALYZER_NONNULL = YES;
				CLANG_ANALYZER_NUMBER_OBJECT_CONVERSION = YES_AGGRESSIVE;
				CLANG_CXX_LANGUAGE_STANDARD = "gnu++14";
				CLANG_CXX_LIBRARY = "libc++";
				CLANG_ENABLE_MODULES = YES;
				CLANG_ENABLE_OBJC_ARC = YES;
				CLANG_ENABLE_OBJC_WEAK = YES;
				CLANG_WARN_BLOCK_CAPTURE_AUTORELEASING = YES;
				CLANG_WARN_BOOL_CONVERSION = YES;
				CLANG_WARN_COMMA = YES;
				CLANG_WARN_CONSTANT_CONVERSION = YES;
				CLANG_WARN_DEPRECATED_OBJC_IMPLEMENTATIONS = YES;
				CLANG_WARN_DIRECT_OBJC_ISA_USAGE = YES_ERROR;
				CLANG_WARN_DOCUMENTATION_COMMENTS = YES;
				CLANG_WARN_EMPTY_BODY = YES;
				CLANG_WARN_ENUM_CONVERSION = YES;
				CLANG_WARN_INFINITE_RECURSION = YES;
				CLANG_WARN_INT_CONVERSION = YES;
				CLANG_WARN_NON_LITERAL_NULL_CONVERSION = YES;
				CLANG_WARN_OBJC_IMPLICIT_RETAIN_SELF = YES;
				CLANG_WARN_OBJC_LITERAL_CONVERSION = YES;
				CLANG_WARN_OBJC_ROOT_CLASS = YES_ERROR;
				CLANG_WARN_RANGE_LOOP_ANALYSIS = YES;
				CLANG_WARN_STRICT_PROTOTYPES = YES;
				CLANG_WARN_SUSPICIOUS_MOVE = YES;
				CLANG_WARN_UNGUARDED_AVAILABILITY = YES_AGGRESSIVE;
				CLANG_WARN_UNREACHABLE_CODE = YES;
				CLANG_WARN__DUPLICATE_METHOD_MATCH = YES;
				COPY_PHASE_STRIP = NO;
				DEBUG_INFORMATION_FORMAT = dwarf;
				ENABLE_STRICT_OBJC_MSGSEND = YES;
				ENABLE_TESTABILITY = YES;
				GCC_C_LANGUAGE_STANDARD = gnu11;
				GCC_DYNAMIC_NO_PIC = NO;
				GCC_NO_COMMON_BLOCKS = YES;
				GCC_OPTIMIZATION_LEVEL = 0;
				GCC_PREPROCESSOR_DEFINITIONS = (
					"DEBUG=1",
					"$(inherited)",
				);
				GCC_WARN_64_TO_32_BIT_CONVERSION = YES;
				GCC_WARN_ABOUT_RETURN_TYPE = YES_ERROR;
				GCC_WARN_UNDECLARED_SELECTOR = YES;
				GCC_WARN_UNINITIALIZED_AUTOS = YES_AGGRESSIVE;
				GCC_WARN_UNUSED_FUNCTION = YES;
				GCC_WARN_UNUSED_VARIABLE = YES;
				IPHONEOS_DEPLOYMENT_TARGET = 13.2;
				MTL_ENABLE_DEBUG_INFO = INCLUDE_SOURCE;
				MTL_FAST_MATH = YES;
				ONLY_ACTIVE_ARCH = YES;
				SDKROOT = iphoneos;
				SWIFT_ACTIVE_COMPILATION_CONDITIONS = DEBUG;
				SWIFT_OPTIMIZATION_LEVEL = "-Onone";
			};
			name = Debug;
		};
		0B93007E243204E700DA0E5F /* Release */ = {
			isa = XCBuildConfiguration;
			buildSettings = {
				ALWAYS_SEARCH_USER_PATHS = NO;
				CLANG_ANALYZER_NONNULL = YES;
				CLANG_ANALYZER_NUMBER_OBJECT_CONVERSION = YES_AGGRESSIVE;
				CLANG_CXX_LANGUAGE_STANDARD = "gnu++14";
				CLANG_CXX_LIBRARY = "libc++";
				CLANG_ENABLE_MODULES = YES;
				CLANG_ENABLE_OBJC_ARC = YES;
				CLANG_ENABLE_OBJC_WEAK = YES;
				CLANG_WARN_BLOCK_CAPTURE_AUTORELEASING = YES;
				CLANG_WARN_BOOL_CONVERSION = YES;
				CLANG_WARN_COMMA = YES;
				CLANG_WARN_CONSTANT_CONVERSION = YES;
				CLANG_WARN_DEPRECATED_OBJC_IMPLEMENTATIONS = YES;
				CLANG_WARN_DIRECT_OBJC_ISA_USAGE = YES_ERROR;
				CLANG_WARN_DOCUMENTATION_COMMENTS = YES;
				CLANG_WARN_EMPTY_BODY = YES;
				CLANG_WARN_ENUM_CONVERSION = YES;
				CLANG_WARN_INFINITE_RECURSION = YES;
				CLANG_WARN_INT_CONVERSION = YES;
				CLANG_WARN_NON_LITERAL_NULL_CONVERSION = YES;
				CLANG_WARN_OBJC_IMPLICIT_RETAIN_SELF = YES;
				CLANG_WARN_OBJC_LITERAL_CONVERSION = YES;
				CLANG_WARN_OBJC_ROOT_CLASS = YES_ERROR;
				CLANG_WARN_RANGE_LOOP_ANALYSIS = YES;
				CLANG_WARN_STRICT_PROTOTYPES = YES;
				CLANG_WARN_SUSPICIOUS_MOVE = YES;
				CLANG_WARN_UNGUARDED_AVAILABILITY = YES_AGGRESSIVE;
				CLANG_WARN_UNREACHABLE_CODE = YES;
				CLANG_WARN__DUPLICATE_METHOD_MATCH = YES;
				COPY_PHASE_STRIP = NO;
				DEBUG_INFORMATION_FORMAT = "dwarf-with-dsym";
				ENABLE_NS_ASSERTIONS = NO;
				ENABLE_STRICT_OBJC_MSGSEND = YES;
				GCC_C_LANGUAGE_STANDARD = gnu11;
				GCC_NO_COMMON_BLOCKS = YES;
				GCC_WARN_64_TO_32_BIT_CONVERSION = YES;
				GCC_WARN_ABOUT_RETURN_TYPE = YES_ERROR;
				GCC_WARN_UNDECLARED_SELECTOR = YES;
				GCC_WARN_UNINITIALIZED_AUTOS = YES_AGGRESSIVE;
				GCC_WARN_UNUSED_FUNCTION = YES;
				GCC_WARN_UNUSED_VARIABLE = YES;
				IPHONEOS_DEPLOYMENT_TARGET = 13.2;
				MTL_ENABLE_DEBUG_INFO = NO;
				MTL_FAST_MATH = YES;
				SDKROOT = iphoneos;
				SWIFT_COMPILATION_MODE = wholemodule;
				SWIFT_OPTIMIZATION_LEVEL = "-O";
				VALIDATE_PRODUCT = YES;
			};
			name = Release;
		};
		0B930080243204E700DA0E5F /* Debug */ = {
			isa = XCBuildConfiguration;
			buildSettings = {
				ASSETCATALOG_COMPILER_APPICON_NAME = AppIcon;
				CODE_SIGN_STYLE = Automatic;
				DEVELOPMENT_TEAM = S2ZMFGQM93;
				INFOPLIST_FILE = memeKishore/Info.plist;
				LD_RUNPATH_SEARCH_PATHS = (
					"$(inherited)",
					"@executable_path/Frameworks",
				);
				PRODUCT_BUNDLE_IDENTIFIER = com.kishore.memeKishore;
				PRODUCT_NAME = "$(TARGET_NAME)";
				SWIFT_VERSION = 5.0;
				TARGETED_DEVICE_FAMILY = "1,2";
			};
			name = Debug;
		};
		0B930081243204E700DA0E5F /* Release */ = {
			isa = XCBuildConfiguration;
			buildSettings = {
				ASSETCATALOG_COMPILER_APPICON_NAME = AppIcon;
				CODE_SIGN_STYLE = Automatic;
				DEVELOPMENT_TEAM = S2ZMFGQM93;
				INFOPLIST_FILE = memeKishore/Info.plist;
				LD_RUNPATH_SEARCH_PATHS = (
					"$(inherited)",
					"@executable_path/Frameworks",
				);
				PRODUCT_BUNDLE_IDENTIFIER = com.kishore.memeKishore;
				PRODUCT_NAME = "$(TARGET_NAME)";
				SWIFT_VERSION = 5.0;
				TARGETED_DEVICE_FAMILY = "1,2";
			};
			name = Release;
		};
/* End XCBuildConfiguration section */

/* Begin XCConfigurationList section */
		0B930066243204E500DA0E5F /* Build configuration list for PBXProject "memeKishore" */ = {
			isa = XCConfigurationList;
			buildConfigurations = (
				0B93007D243204E700DA0E5F /* Debug */,
				0B93007E243204E700DA0E5F /* Release */,
			);
			defaultConfigurationIsVisible = 0;
			defaultConfigurationName = Release;
		};
		0B93007F243204E700DA0E5F /* Build configuration list for PBXNativeTarget "memeKishore" */ = {
			isa = XCConfigurationList;
			buildConfigurations = (
				0B930080243204E700DA0E5F /* Debug */,
				0B930081243204E700DA0E5F /* Release */,
			);
			defaultConfigurationIsVisible = 0;
			defaultConfigurationName = Release;
		};
/* End XCConfigurationList section */
	};
	rootObject = 0B930063243204E500DA0E5F /* Project object */;
}
